<!--
SPDX-FileCopyrightText: 2026 smdn <smdn@smdn.jp>
SPDX-License-Identifier: MIT
-->
<Solution>
  <Folder Name="/Smdn.Devices.Mcp2221A/" />
  <Folder Name="/Smdn.Devices.Mcp2221A/ADC_Read/">
    <Project Path="Smdn.Devices.Mcp2221A/ADC_Read/Program.csproj" />
  </Folder>
  <Folder Name="/Smdn.Devices.Mcp2221A/ADC_ReadVoltage/">
    <Project Path="Smdn.Devices.Mcp2221A/ADC_ReadVoltage/Program.csproj" />
  </Folder>
  <Folder Name="/Smdn.Devices.Mcp2221A/ClockOutput/">
    <Project Path="Smdn.Devices.Mcp2221A/ClockOutput/Program.csproj" />
  </Folder>
  <Folder Name="/Smdn.Devices.Mcp2221A/DAC_Write/">
    <Project Path="Smdn.Devices.Mcp2221A/DAC_Write/Program.csproj" />
  </Folder>
  <Folder Name="/Smdn.Devices.Mcp2221A/DependencyInjection_KeyedService/">
    <Project Path="Smdn.Devices.Mcp2221A/DependencyInjection_KeyedService/Program.csproj" />
  </Folder>
  <Folder Name="/Smdn.Devices.Mcp2221A/DependencyInjection_Logging/">
    <Project Path="Smdn.Devices.Mcp2221A/DependencyInjection_Logging/Program.csproj" />
  </Folder>
  <Folder Name="/Smdn.Devices.Mcp2221A/GettingStarted/">
    <Project Path="Smdn.Devices.Mcp2221A/GettingStarted/Program.csproj" />
  </Folder>
  <Folder Name="/Smdn.Devices.Mcp2221A/GettingStarted_CSharp/">
    <Project Path="Smdn.Devices.Mcp2221A/GettingStarted_CSharp/Program.csproj" />
  </Folder>
  <Folder Name="/Smdn.Devices.Mcp2221A/GettingStarted_VisualBasic/">
    <Project Path="Smdn.Devices.Mcp2221A/GettingStarted_VisualBasic/Program.vbproj" />
  </Folder>
  <Folder Name="/Smdn.Devices.Mcp2221A/GpioController_ShiftRegister/">
    <Project Path="Smdn.Devices.Mcp2221A/GpioController_ShiftRegister/Program.csproj" />
  </Folder>
  <Folder Name="/Smdn.Devices.Mcp2221A/GpioController_TM1637/">
    <Project Path="Smdn.Devices.Mcp2221A/GpioController_TM1637/Program.csproj" />
  </Folder>
  <Folder Name="/Smdn.Devices.Mcp2221A/GPIO_Read/">
    <Project Path="Smdn.Devices.Mcp2221A/GPIO_Read/Program.csproj" />
  </Folder>
  <Folder Name="/Smdn.Devices.Mcp2221A/GPIO_ShiftRegister/">
    <Project Path="Smdn.Devices.Mcp2221A/GPIO_ShiftRegister/Program.csproj" />
  </Folder>
  <Folder Name="/Smdn.Devices.Mcp2221A/I2cDevice_BME280/">
    <Project Path="Smdn.Devices.Mcp2221A/I2cDevice_BME280/Program.csproj" />
  </Folder>
  <Folder Name="/Smdn.Devices.Mcp2221A/I2cDevice_HT16K33_4Digit14SegmentDisplay/">
    <Project Path="Smdn.Devices.Mcp2221A/I2cDevice_HT16K33_4Digit14SegmentDisplay/Program.csproj" />
  </Folder>
  <Folder Name="/Smdn.Devices.Mcp2221A/I2cDevice_MCP23017_Input/">
    <Project Path="Smdn.Devices.Mcp2221A/I2cDevice_MCP23017_Input/Program.csproj" />
  </Folder>
  <Folder Name="/Smdn.Devices.Mcp2221A/I2cDevice_MCP23017_Output/">
    <Project Path="Smdn.Devices.Mcp2221A/I2cDevice_MCP23017_Output/Program.csproj" />
  </Folder>
  <Folder Name="/Smdn.Devices.Mcp2221A/I2cDevice_US2066_SO1602A/">
    <Project Path="Smdn.Devices.Mcp2221A/I2cDevice_US2066_SO1602A/Program.csproj" />
  </Folder>
  <Folder Name="/Smdn.Devices.Mcp2221A/I2C_ScanBus/">
    <Project Path="Smdn.Devices.Mcp2221A/I2C_ScanBus/Program.csproj" />
  </Folder>
  <Folder Name="/Smdn.Devices.Mcp2221A/InterruptOnChange/">
    <Project Path="Smdn.Devices.Mcp2221A/InterruptOnChange/Program.csproj" />
  </Folder>
  <Folder Name="/Smdn.Devices.Mcp2221A/InterruptOnChange_Polling/">
    <Project Path="Smdn.Devices.Mcp2221A/InterruptOnChange_Polling/Program.csproj" />
  </Folder>
  <Folder Name="/Smdn.Devices.Mcp2221A/SramDeviceConfiguration/">
    <Project Path="Smdn.Devices.Mcp2221A/SramDeviceConfiguration/Program.csproj" />
  </Folder>
  <Folder Name="/Smdn.Devices.Mcp2221A/USBHID_Backend_HidSharp/">
    <Project Path="Smdn.Devices.Mcp2221A/USBHID_Backend_HidSharp/Program.csproj" />
  </Folder>
  <Folder Name="/Smdn.Devices.Mcp2221A/USBHID_Backend_LibUsbDotNet/">
    <Project Path="Smdn.Devices.Mcp2221A/USBHID_Backend_LibUsbDotNet/Program.csproj" />
  </Folder>
  <Folder Name="/Smdn.Devices.Mcp2221A/USBHID_Backend_LibUsbDotNetV3/">
    <Project Path="Smdn.Devices.Mcp2221A/USBHID_Backend_LibUsbDotNetV3/Program.csproj" />
  </Folder>
  <Folder Name="/Smdn.Devices.Mcp2221A/USBHID_SelectDevice/">
    <Project Path="Smdn.Devices.Mcp2221A/USBHID_SelectDevice/Program.csproj" />
  </Folder>

</Solution>
